# This file is automatically generated - do not edit it directly.
# Use https://weblate.rob006.net/projects/flarum/flarum-lock/tok/ for translation.
# You can read more about the process at https://github.com/rob006-software/flarum-translations/wiki.

flarum-lock:
  forum:
    badge:
      locked_tooltip: pini
    discussion_controls:
      lock_button: 'o pini'
      unlock_button: 'o weka e pini'
    settings:
      notify_discussion_locked_label: 'toki pi open mi li kama pini'
